
Microsoft Visual Studio Solution File, Format Version 12.00
# Visual Studio Version 17
VisualStudioVersion = 17.11.35431.28
MinimumVisualStudioVersion = 10.0.40219.1
Project("{9A19103F-16F7-4668-BE54-9A1E7A4F7556}") = "Tetris", "Tetris\Tetris.csproj", "{654B48E7-8F81-49FA-81C0-00F3DA629D07}"
EndProject
Project("{9A19103F-16F7-4668-BE54-9A1E7A4F7556}") = "Tetris.Desktop", "Tetris.Desktop\Tetris.Desktop.csproj", "{DFEC67C9-7697-4B15-97B8-A09DBF2A0F3E}"
EndProject
Global
	GlobalSection(SolutionConfigurationPlatforms) = preSolution
		Debug|Any CPU = Debug|Any CPU
		Release|Any CPU = Release|Any CPU
	EndGlobalSection
	GlobalSection(ProjectConfigurationPlatforms) = postSolution
		{654B48E7-8F81-49FA-81C0-00F3DA629D07}.Debug|Any CPU.ActiveCfg = Debug|Any CPU
		{654B48E7-8F81-49FA-81C0-00F3DA629D07}.Debug|Any CPU.Build.0 = Debug|Any CPU
		{654B48E7-8F81-49FA-81C0-00F3DA629D07}.Release|Any CPU.ActiveCfg = Release|Any CPU
		{654B48E7-8F81-49FA-81C0-00F3DA629D07}.Release|Any CPU.Build.0 = Release|Any CPU
		{DFEC67C9-7697-4B15-97B8-A09DBF2A0F3E}.Debug|Any CPU.ActiveCfg = Debug|Any CPU
		{DFEC67C9-7697-4B15-97B8-A09DBF2A0F3E}.Debug|Any CPU.Build.0 = Debug|Any CPU
		{DFEC67C9-7697-4B15-97B8-A09DBF2A0F3E}.Release|Any CPU.ActiveCfg = Release|Any CPU
		{DFEC67C9-7697-4B15-97B8-A09DBF2A0F3E}.Release|Any CPU.Build.0 = Release|Any CPU
	EndGlobalSection
	GlobalSection(SolutionProperties) = preSolution
		HideSolutionNode = FALSE
	EndGlobalSection
	GlobalSection(ExtensibilityGlobals) = postSolution
		SolutionGuid = {8D9CC762-292D-4301-A859-BA922423E340}
	EndGlobalSection
EndGlobal
